PODS:
  - CCurve25519 (1.0.1)
  - Curve25519 (2.0.0):
    - CCurve25519
  - esp32_ble_provisioning_plugin (0.0.1):
    - Curve25519
    - Flutter
    - MBProgressHUD
    - SwiftProtobuf
  - Flutter (1.0.0)
  - MBProgressHUD (1.2.0)
  - SwiftProtobuf (1.15.0)

DEPENDENCIES:
  - esp32_ble_provisioning_plugin (from `.symlinks/plugins/esp32_ble_provisioning_plugin/ios`)
  - Flutter (from `Flutter`)

SPEC REPOS:
  trunk:
    - CCurve25519
    - Curve25519
    - MBProgressHUD
    - SwiftProtobuf

EXTERNAL SOURCES:
  esp32_ble_provisioning_plugin:
    :path: ".symlinks/plugins/esp32_ble_provisioning_plugin/ios"
  Flutter:
    :path: Flutter

SPEC CHECKSUMS:
  CCurve25519: 70dc9f84124779f020e417d2fc4ba9e58919f074
  Curve25519: 5f33887c1eeb0308d1e7c4c6721d9907b56e56a3
  esp32_ble_provisioning_plugin: bae65465871978b715e3d0037fc17217f8ec872a
  Flutter: 434fef37c0980e73bb6479ef766c45957d4b510c
  MBProgressHUD: 3ee5efcc380f6a79a7cc9b363dd669c5e1ae7406
  SwiftProtobuf: 3320217e9d8fb75f36b40282e78c482640fd75dd

PODFILE CHECKSUM: aafe91acc616949ddb318b77800a7f51bffa2a4c

COCOAPODS: 1.10.1
